<?xml version="1.0" encoding="utf-8"?>
<Project ToolsVersion="4.0" xmlns="http://schemas.microsoft.com/developer/msbuild/2003">
  <ItemGroup>
    <Filter Include="Source Files">
      <UniqueIdentifier>{4FC737F1-C7A5-4376-A066-2A32D752A2FF}</UniqueIdentifier>
      <Extensions>cpp;c;cc;cxx;def;odl;idl;hpj;bat;asm;asmx</Extensions>
    </Filter>
    <Filter Include="Source Files\World">
      <UniqueIdentifier>{1a65aa88-7c70-4c22-8359-86b8474e3abe}</UniqueIdentifier>
    </Filter>
    <Filter Include="Source Files\Editor">
      <UniqueIdentifier>{3d3ec62c-f559-4e58-8f23-83c381560700}</UniqueIdentifier>
    </Filter>
  </ItemGroup>
  <ItemGroup>
    <ClInclude Include="Code\WorldFile.h">
      <Filter>Source Files\World</Filter>
    </ClInclude>
    <ClInclude Include="Code\World.h">
      <Filter>Source Files\World</Filter>
    </ClInclude>
    <ClInclude Include="Code\Sector.h">
      <Filter>Source Files\World</Filter>
    </ClInclude>
    <ClInclude Include="Code\Debug.h">
      <Filter>Source Files\Editor</Filter>
    </ClInclude>
    <ClInclude Include="Code\GameEngine.h">
      <Filter>Source Files\Editor</Filter>
    </ClInclude>
    <ClInclude Include="Include\GameEngineWrapper.h">
      <Filter>Source Files\Editor</Filter>
    </ClInclude>
    <ClInclude Include="Code\Graphics.h">
      <Filter>Source Files\Editor</Filter>
    </ClInclude>
    <ClInclude Include="Code\Observer.h">
      <Filter>Source Files\Editor</Filter>
    </ClInclude>
    <ClInclude Include="Code\Entity.h">
      <Filter>Source Files\World</Filter>
    </ClInclude>
    <ClInclude Include="Code\CircleAndRect.h">
      <Filter>Source Files\World</Filter>
    </ClInclude>
    <ClInclude Include="Code\WorldEvents.h">
      <Filter>Source Files\World</Filter>
    </ClInclude>
    <ClInclude Include="Code\WorldRenderer.h">
      <Filter>Source Files\Editor</Filter>
    </ClInclude>
    <ClInclude Include="Code\HeightChangedAction.h">
      <Filter>Source Files\Editor</Filter>
    </ClInclude>
    <ClInclude Include="Code\Action.h">
      <Filter>Source Files\Editor</Filter>
    </ClInclude>
    <ClInclude Include="Code\BlendChangedAction.h">
      <Filter>Source Files\Editor</Filter>
    </ClInclude>
    <ClInclude Include="Code\EntityPlacedAction.h">
      <Filter>Source Files\Editor</Filter>
    </ClInclude>
    <ClInclude Include="Code\EntityRemovedAction.h">
      <Filter>Source Files\Editor</Filter>
    </ClInclude>
    <ClInclude Include="Code\TerrainSetHeightAction.h">
      <Filter>Source Files\Editor</Filter>
    </ClInclude>
    <ClInclude Include="Code\AIGridChangeAction.h">
      <Filter>Source Files\Editor</Filter>
    </ClInclude>
    <ClInclude Include="Code\GridCalculateAction.h">
      <Filter>Source Files\Editor</Filter>
    </ClInclude>
    <ClInclude Include="Code\SmoothAction.h">
      <Filter>Source Files\Editor</Filter>
    </ClInclude>
    <ClInclude Include="Code\NavArrows.h">
      <Filter>Source Files\Editor</Filter>
    </ClInclude>
    <ClInclude Include="Code\BlendValues.h">
      <Filter>Source Files\World</Filter>
    </ClInclude>
    <ClInclude Include="Code\EntityList.h">
      <Filter>Source Files\World</Filter>
    </ClInclude>
    <ClInclude Include="Code\Shuffle.h">
      <Filter>Source Files\Editor</Filter>
    </ClInclude>
    <ClInclude Include="Code\ReplaceEntityAction.h">
      <Filter>Source Files\Editor</Filter>
    </ClInclude>
    <ClInclude Include="Code\WaterQuad.h">
      <Filter>Source Files\World</Filter>
    </ClInclude>
  </ItemGroup>
  <ItemGroup>
    <ClCompile Include="Code\WorldFile.cpp">
      <Filter>Source Files\World</Filter>
    </ClCompile>
    <ClCompile Include="Code\World.cpp">
      <Filter>Source Files\World</Filter>
    </ClCompile>
    <ClCompile Include="Code\Sector.cpp">
      <Filter>Source Files\World</Filter>
    </ClCompile>
    <ClCompile Include="Code\GameEngine.cpp">
      <Filter>Source Files\Editor</Filter>
    </ClCompile>
    <ClCompile Include="Code\GameEngineWrapper.cpp">
      <Filter>Source Files\Editor</Filter>
    </ClCompile>
    <ClCompile Include="Code\Graphics.cpp">
      <Filter>Source Files\Editor</Filter>
    </ClCompile>
    <ClCompile Include="Code\Entity.cpp">
      <Filter>Source Files\World</Filter>
    </ClCompile>
    <ClCompile Include="Code\WorldRenderer.cpp">
      <Filter>Source Files\Editor</Filter>
    </ClCompile>
    <ClCompile Include="Code\NavArrows.cpp">
      <Filter>Source Files\Editor</Filter>
    </ClCompile>
    <ClCompile Include="Code\EntityList.cpp">
      <Filter>Source Files\World</Filter>
    </ClCompile>
    <ClCompile Include="Code\Shuffle.cpp">
      <Filter>Source Files\Editor</Filter>
    </ClCompile>
    <ClCompile Include="Code\WaterQuad.cpp">
      <Filter>Source Files\World</Filter>
    </ClCompile>
  </ItemGroup>
</Project>